// !$*UTF8*$!
{
	archiveVersion = 1;
	classes = {
	};
	objectVersion = 56;
	objects = {

/* Begin PBXBuildFile section */
		36108C7C2A29C68A00CA6D60 /* FruitsApp.swift in Sources */ = {isa = PBXBuildFile; fileRef = 36108C7B2A29C68A00CA6D60 /* FruitsApp.swift */; };
		36108C7E2A29C68A00CA6D60 /* ContentView.swift in Sources */ = {isa = PBXBuildFile; fileRef = 36108C7D2A29C68A00CA6D60 /* ContentView.swift */; };
		36108C802A29C68B00CA6D60 /* Assets.xcassets in Resources */ = {isa = PBXBuildFile; fileRef = 36108C7F2A29C68B00CA6D60 /* Assets.xcassets */; };
		36108C832A29C68B00CA6D60 /* Preview Assets.xcassets in Resources */ = {isa = PBXBuildFile; fileRef = 36108C822A29C68B00CA6D60 /* Preview Assets.xcassets */; };
		36108C8B2A29D9F700CA6D60 /* OnBoardingView.swift in Sources */ = {isa = PBXBuildFile; fileRef = 36108C8A2A29D9F700CA6D60 /* OnBoardingView.swift */; };
		36108C8E2A29DA0E00CA6D60 /* FruitCardView.swift in Sources */ = {isa = PBXBuildFile; fileRef = 36108C8D2A29DA0E00CA6D60 /* FruitCardView.swift */; };
		36108C902A29DA1600CA6D60 /* StartButtonView.swift in Sources */ = {isa = PBXBuildFile; fileRef = 36108C8F2A29DA1600CA6D60 /* StartButtonView.swift */; };
		36108C932A29E0A000CA6D60 /* FruitModel.swift in Sources */ = {isa = PBXBuildFile; fileRef = 36108C922A29E0A000CA6D60 /* FruitModel.swift */; };
		36108C962A29E10C00CA6D60 /* FruitData.swift in Sources */ = {isa = PBXBuildFile; fileRef = 36108C952A29E10C00CA6D60 /* FruitData.swift */; };
		36108C982A2A032F00CA6D60 /* FruitRowView.swift in Sources */ = {isa = PBXBuildFile; fileRef = 36108C972A2A032F00CA6D60 /* FruitRowView.swift */; };
		36108C9A2A2A056C00CA6D60 /* FruitDetailView.swift in Sources */ = {isa = PBXBuildFile; fileRef = 36108C992A2A056C00CA6D60 /* FruitDetailView.swift */; };
		36108C9C2A2A06BC00CA6D60 /* FruitHeaderView.swift in Sources */ = {isa = PBXBuildFile; fileRef = 36108C9B2A2A06BC00CA6D60 /* FruitHeaderView.swift */; };
		36108C9E2A2A07C800CA6D60 /* SourceLinkView.swift in Sources */ = {isa = PBXBuildFile; fileRef = 36108C9D2A2A07C800CA6D60 /* SourceLinkView.swift */; };
		36108CA02A2A08C800CA6D60 /* FruitNutrientsView.swift in Sources */ = {isa = PBXBuildFile; fileRef = 36108C9F2A2A08C800CA6D60 /* FruitNutrientsView.swift */; };
		36108CA22A2A0B2800CA6D60 /* SettingsView.swift in Sources */ = {isa = PBXBuildFile; fileRef = 36108CA12A2A0B2800CA6D60 /* SettingsView.swift */; };
		36108CA42A2A0CEC00CA6D60 /* SettingsLabelView.swift in Sources */ = {isa = PBXBuildFile; fileRef = 36108CA32A2A0CEC00CA6D60 /* SettingsLabelView.swift */; };
		36108CA62A2A0E8100CA6D60 /* SettingsRow.swift in Sources */ = {isa = PBXBuildFile; fileRef = 36108CA52A2A0E8100CA6D60 /* SettingsRow.swift */; };
/* End PBXBuildFile section */

/* Begin PBXFileReference section */
		36108C782A29C68A00CA6D60 /* Fruits.app */ = {isa = PBXFileReference; explicitFileType = wrapper.application; includeInIndex = 0; path = Fruits.app; sourceTree = BUILT_PRODUCTS_DIR; };
		36108C7B2A29C68A00CA6D60 /* FruitsApp.swift */ = {isa = PBXFileReference; lastKnownFileType = sourcecode.swift; path = FruitsApp.swift; sourceTree = "<group>"; };
		36108C7D2A29C68A00CA6D60 /* ContentView.swift */ = {isa = PBXFileReference; lastKnownFileType = sourcecode.swift; path = ContentView.swift; sourceTree = "<group>"; };
		36108C7F2A29C68B00CA6D60 /* Assets.xcassets */ = {isa = PBXFileReference; lastKnownFileType = folder.assetcatalog; path = Assets.xcassets; sourceTree = "<group>"; };
		36108C822A29C68B00CA6D60 /* Preview Assets.xcassets */ = {isa = PBXFileReference; lastKnownFileType = folder.assetcatalog; path = "Preview Assets.xcassets"; sourceTree = "<group>"; };
		36108C8A2A29D9F700CA6D60 /* OnBoardingView.swift */ = {isa = PBXFileReference; lastKnownFileType = sourcecode.swift; path = OnBoardingView.swift; sourceTree = "<group>"; };
		36108C8D2A29DA0E00CA6D60 /* FruitCardView.swift */ = {isa = PBXFileReference; lastKnownFileType = sourcecode.swift; path = FruitCardView.swift; sourceTree = "<group>"; };
		36108C8F2A29DA1600CA6D60 /* StartButtonView.swift */ = {isa = PBXFileReference; lastKnownFileType = sourcecode.swift; path = StartButtonView.swift; sourceTree = "<group>"; };
		36108C922A29E0A000CA6D60 /* FruitModel.swift */ = {isa = PBXFileReference; lastKnownFileType = sourcecode.swift; path = FruitModel.swift; sourceTree = "<group>"; };
		36108C952A29E10C00CA6D60 /* FruitData.swift */ = {isa = PBXFileReference; lastKnownFileType = sourcecode.swift; path = FruitData.swift; sourceTree = "<group>"; };
		36108C972A2A032F00CA6D60 /* FruitRowView.swift */ = {isa = PBXFileReference; lastKnownFileType = sourcecode.swift; path = FruitRowView.swift; sourceTree = "<group>"; };
		36108C992A2A056C00CA6D60 /* FruitDetailView.swift */ = {isa = PBXFileReference; lastKnownFileType = sourcecode.swift; path = FruitDetailView.swift; sourceTree = "<group>"; };
		36108C9B2A2A06BC00CA6D60 /* FruitHeaderView.swift */ = {isa = PBXFileReference; lastKnownFileType = sourcecode.swift; path = FruitHeaderView.swift; sourceTree = "<group>"; };
		36108C9D2A2A07C800CA6D60 /* SourceLinkView.swift */ = {isa = PBXFileReference; lastKnownFileType = sourcecode.swift; path = SourceLinkView.swift; sourceTree = "<group>"; };
		36108C9F2A2A08C800CA6D60 /* FruitNutrientsView.swift */ = {isa = PBXFileReference; lastKnownFileType = sourcecode.swift; path = FruitNutrientsView.swift; sourceTree = "<group>"; };
		36108CA12A2A0B2800CA6D60 /* SettingsView.swift */ = {isa = PBXFileReference; lastKnownFileType = sourcecode.swift; path = SettingsView.swift; sourceTree = "<group>"; };
		36108CA32A2A0CEC00CA6D60 /* SettingsLabelView.swift */ = {isa = PBXFileReference; lastKnownFileType = sourcecode.swift; path = SettingsLabelView.swift; sourceTree = "<group>"; };
		36108CA52A2A0E8100CA6D60 /* SettingsRow.swift */ = {isa = PBXFileReference; lastKnownFileType = sourcecode.swift; path = SettingsRow.swift; sourceTree = "<group>"; };
/* End PBXFileReference section */

/* Begin PBXFrameworksBuildPhase section */
		36108C752A29C68A00CA6D60 /* Frameworks */ = {
			isa = PBXFrameworksBuildPhase;
			buildActionMask = 2147483647;
			files = (
			);
			runOnlyForDeploymentPostprocessing = 0;
		};
/* End PBXFrameworksBuildPhase section */

/* Begin PBXGroup section */
		36108C6F2A29C68A00CA6D60 = {
			isa = PBXGroup;
			children = (
				36108C7A2A29C68A00CA6D60 /* Fruits */,
				36108C792A29C68A00CA6D60 /* Products */,
			);
			sourceTree = "<group>";
		};
		36108C792A29C68A00CA6D60 /* Products */ = {
			isa = PBXGroup;
			children = (
				36108C782A29C68A00CA6D60 /* Fruits.app */,
			);
			name = Products;
			sourceTree = "<group>";
		};
		36108C7A2A29C68A00CA6D60 /* Fruits */ = {
			isa = PBXGroup;
			children = (
				36108C942A29E10000CA6D60 /* Data */,
				36108C912A29E09900CA6D60 /* Model */,
				36108C8C2A29DA0000CA6D60 /* Views */,
				36108C892A29D9DE00CA6D60 /* App */,
				36108C7F2A29C68B00CA6D60 /* Assets.xcassets */,
				36108C812A29C68B00CA6D60 /* Preview Content */,
			);
			path = Fruits;
			sourceTree = "<group>";
		};
		36108C812A29C68B00CA6D60 /* Preview Content */ = {
			isa = PBXGroup;
			children = (
				36108C822A29C68B00CA6D60 /* Preview Assets.xcassets */,
			);
			path = "Preview Content";
			sourceTree = "<group>";
		};
		36108C892A29D9DE00CA6D60 /* App */ = {
			isa = PBXGroup;
			children = (
				36108C7B2A29C68A00CA6D60 /* FruitsApp.swift */,
				36108C7D2A29C68A00CA6D60 /* ContentView.swift */,
				36108C8A2A29D9F700CA6D60 /* OnBoardingView.swift */,
			);
			path = App;
			sourceTree = "<group>";
		};
		36108C8C2A29DA0000CA6D60 /* Views */ = {
			isa = PBXGroup;
			children = (
				36108C8D2A29DA0E00CA6D60 /* FruitCardView.swift */,
				36108C8F2A29DA1600CA6D60 /* StartButtonView.swift */,
				36108C972A2A032F00CA6D60 /* FruitRowView.swift */,
				36108C992A2A056C00CA6D60 /* FruitDetailView.swift */,
				36108CA12A2A0B2800CA6D60 /* SettingsView.swift */,
				36108CA52A2A0E8100CA6D60 /* SettingsRow.swift */,
				36108CA32A2A0CEC00CA6D60 /* SettingsLabelView.swift */,
				36108C9F2A2A08C800CA6D60 /* FruitNutrientsView.swift */,
				36108C9D2A2A07C800CA6D60 /* SourceLinkView.swift */,
				36108C9B2A2A06BC00CA6D60 /* FruitHeaderView.swift */,
			);
			path = Views;
			sourceTree = "<group>";
		};
		36108C912A29E09900CA6D60 /* Model */ = {
			isa = PBXGroup;
			children = (
				36108C922A29E0A000CA6D60 /* FruitModel.swift */,
			);
			path = Model;
			sourceTree = "<group>";
		};
		36108C942A29E10000CA6D60 /* Data */ = {
			isa = PBXGroup;
			children = (
				36108C952A29E10C00CA6D60 /* FruitData.swift */,
			);
			path = Data;
			sourceTree = "<group>";
		};
/* End PBXGroup section */

/* Begin PBXNativeTarget section */
		36108C772A29C68A00CA6D60 /* Fruits */ = {
			isa = PBXNativeTarget;
			buildConfigurationList = 36108C862A29C68B00CA6D60 /* Build configuration list for PBXNativeTarget "Fruits" */;
			buildPhases = (
				36108C742A29C68A00CA6D60 /* Sources */,
				36108C752A29C68A00CA6D60 /* Frameworks */,
				36108C762A29C68A00CA6D60 /* Resources */,
			);
			buildRules = (
			);
			dependencies = (
			);
			name = Fruits;
			productName = Fruits;
			productReference = 36108C782A29C68A00CA6D60 /* Fruits.app */;
			productType = "com.apple.product-type.application";
		};
/* End PBXNativeTarget section */

/* Begin PBXProject section */
		36108C702A29C68A00CA6D60 /* Project object */ = {
			isa = PBXProject;
			attributes = {
				BuildIndependentTargetsInParallel = 1;
				LastSwiftUpdateCheck = 1420;
				LastUpgradeCheck = 1420;
				TargetAttributes = {
					36108C772A29C68A00CA6D60 = {
						CreatedOnToolsVersion = 14.2;
					};
				};
			};
			buildConfigurationList = 36108C732A29C68A00CA6D60 /* Build configuration list for PBXProject "Fruits" */;
			compatibilityVersion = "Xcode 14.0";
			developmentRegion = en;
			hasScannedForEncodings = 0;
			knownRegions = (
				en,
				Base,
			);
			mainGroup = 36108C6F2A29C68A00CA6D60;
			productRefGroup = 36108C792A29C68A00CA6D60 /* Products */;
			projectDirPath = "";
			projectRoot = "";
			targets = (
				36108C772A29C68A00CA6D60 /* Fruits */,
			);
		};
/* End PBXProject section */

/* Begin PBXResourcesBuildPhase section */
		36108C762A29C68A00CA6D60 /* Resources */ = {
			isa = PBXResourcesBuildPhase;
			buildActionMask = 2147483647;
			files = (
				36108C832A29C68B00CA6D60 /* Preview Assets.xcassets in Resources */,
				36108C802A29C68B00CA6D60 /* Assets.xcassets in Resources */,
			);
			runOnlyForDeploymentPostprocessing = 0;
		};
/* End PBXResourcesBuildPhase section */

/* Begin PBXSourcesBuildPhase section */
		36108C742A29C68A00CA6D60 /* Sources */ = {
			isa = PBXSourcesBuildPhase;
			buildActionMask = 2147483647;
			files = (
				36108C962A29E10C00CA6D60 /* FruitData.swift in Sources */,
				36108C9E2A2A07C800CA6D60 /* SourceLinkView.swift in Sources */,
				36108CA62A2A0E8100CA6D60 /* SettingsRow.swift in Sources */,
				36108C8B2A29D9F700CA6D60 /* OnBoardingView.swift in Sources */,
				36108C982A2A032F00CA6D60 /* FruitRowView.swift in Sources */,
				36108CA02A2A08C800CA6D60 /* FruitNutrientsView.swift in Sources */,
				36108C8E2A29DA0E00CA6D60 /* FruitCardView.swift in Sources */,
				36108C9A2A2A056C00CA6D60 /* FruitDetailView.swift in Sources */,
				36108C7E2A29C68A00CA6D60 /* ContentView.swift in Sources */,
				36108C9C2A2A06BC00CA6D60 /* FruitHeaderView.swift in Sources */,
				36108C902A29DA1600CA6D60 /* StartButtonView.swift in Sources */,
				36108CA42A2A0CEC00CA6D60 /* SettingsLabelView.swift in Sources */,
				36108C932A29E0A000CA6D60 /* FruitModel.swift in Sources */,
				36108C7C2A29C68A00CA6D60 /* FruitsApp.swift in Sources */,
				36108CA22A2A0B2800CA6D60 /* SettingsView.swift in Sources */,
			);
			runOnlyForDeploymentPostprocessing = 0;
		};
/* End PBXSourcesBuildPhase section */

/* Begin XCBuildConfiguration section */
		36108C842A29C68B00CA6D60 /* Debug */ = {
			isa = XCBuildConfiguration;
			buildSettings = {
				ALWAYS_SEARCH_USER_PATHS = NO;
				CLANG_ANALYZER_NONNULL = YES;
				CLANG_ANALYZER_NUMBER_OBJECT_CONVERSION = YES_AGGRESSIVE;
				CLANG_CXX_LANGUAGE_STANDARD = "gnu++20";
				CLANG_ENABLE_MODULES = YES;
				CLANG_ENABLE_OBJC_ARC = YES;
				CLANG_ENABLE_OBJC_WEAK = YES;
				CLANG_WARN_BLOCK_CAPTURE_AUTORELEASING = YES;
				CLANG_WARN_BOOL_CONVERSION = YES;
				CLANG_WARN_COMMA = YES;
				CLANG_WARN_CONSTANT_CONVERSION = YES;
				CLANG_WARN_DEPRECATED_OBJC_IMPLEMENTATIONS = YES;
				CLANG_WARN_DIRECT_OBJC_ISA_USAGE = YES_ERROR;
				CLANG_WARN_DOCUMENTATION_COMMENTS = YES;
				CLANG_WARN_EMPTY_BODY = YES;
				CLANG_WARN_ENUM_CONVERSION = YES;
				CLANG_WARN_INFINITE_RECURSION = YES;
				CLANG_WARN_INT_CONVERSION = YES;
				CLANG_WARN_NON_LITERAL_NULL_CONVERSION = YES;
				CLANG_WARN_OBJC_IMPLICIT_RETAIN_SELF = YES;
				CLANG_WARN_OBJC_LITERAL_CONVERSION = YES;
				CLANG_WARN_OBJC_ROOT_CLASS = YES_ERROR;
				CLANG_WARN_QUOTED_INCLUDE_IN_FRAMEWORK_HEADER = YES;
				CLANG_WARN_RANGE_LOOP_ANALYSIS = YES;
				CLANG_WARN_STRICT_PROTOTYPES = YES;
				CLANG_WARN_SUSPICIOUS_MOVE = YES;
				CLANG_WARN_UNGUARDED_AVAILABILITY = YES_AGGRESSIVE;
				CLANG_WARN_UNREACHABLE_CODE = YES;
				CLANG_WARN__DUPLICATE_METHOD_MATCH = YES;
				COPY_PHASE_STRIP = NO;
				DEBUG_INFORMATION_FORMAT = dwarf;
				ENABLE_STRICT_OBJC_MSGSEND = YES;
				ENABLE_TESTABILITY = YES;
				GCC_C_LANGUAGE_STANDARD = gnu11;
				GCC_DYNAMIC_NO_PIC = NO;
				GCC_NO_COMMON_BLOCKS = YES;
				GCC_OPTIMIZATION_LEVEL = 0;
				GCC_PREPROCESSOR_DEFINITIONS = (
					"DEBUG=1",
					"$(inherited)",
				);
				GCC_WARN_64_TO_32_BIT_CONVERSION = YES;
				GCC_WARN_ABOUT_RETURN_TYPE = YES_ERROR;
				GCC_WARN_UNDECLARED_SELECTOR = YES;
				GCC_WARN_UNINITIALIZED_AUTOS = YES_AGGRESSIVE;
				GCC_WARN_UNUSED_FUNCTION = YES;
				GCC_WARN_UNUSED_VARIABLE = YES;
				IPHONEOS_DEPLOYMENT_TARGET = 16.2;
				MTL_ENABLE_DEBUG_INFO = INCLUDE_SOURCE;
				MTL_FAST_MATH = YES;
				ONLY_ACTIVE_ARCH = YES;
				SDKROOT = iphoneos;
				SWIFT_ACTIVE_COMPILATION_CONDITIONS = DEBUG;
				SWIFT_OPTIMIZATION_LEVEL = "-Onone";
			};
			name = Debug;
		};
		36108C852A29C68B00CA6D60 /* Release */ = {
			isa = XCBuildConfiguration;
			buildSettings = {
				ALWAYS_SEARCH_USER_PATHS = NO;
				CLANG_ANALYZER_NONNULL = YES;
				CLANG_ANALYZER_NUMBER_OBJECT_CONVERSION = YES_AGGRESSIVE;
				CLANG_CXX_LANGUAGE_STANDARD = "gnu++20";
				CLANG_ENABLE_MODULES = YES;
				CLANG_ENABLE_OBJC_ARC = YES;
				CLANG_ENABLE_OBJC_WEAK = YES;
				CLANG_WARN_BLOCK_CAPTURE_AUTORELEASING = YES;
				CLANG_WARN_BOOL_CONVERSION = YES;
				CLANG_WARN_COMMA = YES;
				CLANG_WARN_CONSTANT_CONVERSION = YES;
				CLANG_WARN_DEPRECATED_OBJC_IMPLEMENTATIONS = YES;
				CLANG_WARN_DIRECT_OBJC_ISA_USAGE = YES_ERROR;
				CLANG_WARN_DOCUMENTATION_COMMENTS = YES;
				CLANG_WARN_EMPTY_BODY = YES;
				CLANG_WARN_ENUM_CONVERSION = YES;
				CLANG_WARN_INFINITE_RECURSION = YES;
				CLANG_WARN_INT_CONVERSION = YES;
				CLANG_WARN_NON_LITERAL_NULL_CONVERSION = YES;
				CLANG_WARN_OBJC_IMPLICIT_RETAIN_SELF = YES;
				CLANG_WARN_OBJC_LITERAL_CONVERSION = YES;
				CLANG_WARN_OBJC_ROOT_CLASS = YES_ERROR;
				CLANG_WARN_QUOTED_INCLUDE_IN_FRAMEWORK_HEADER = YES;
				CLANG_WARN_RANGE_LOOP_ANALYSIS = YES;
				CLANG_WARN_STRICT_PROTOTYPES = YES;
				CLANG_WARN_SUSPICIOUS_MOVE = YES;
				CLANG_WARN_UNGUARDED_AVAILABILITY = YES_AGGRESSIVE;
				CLANG_WARN_UNREACHABLE_CODE = YES;
				CLANG_WARN__DUPLICATE_METHOD_MATCH = YES;
				COPY_PHASE_STRIP = NO;
				DEBUG_INFORMATION_FORMAT = "dwarf-with-dsym";
				ENABLE_NS_ASSERTIONS = NO;
				ENABLE_STRICT_OBJC_MSGSEND = YES;
				GCC_C_LANGUAGE_STANDARD = gnu11;
				GCC_NO_COMMON_BLOCKS = YES;
				GCC_WARN_64_TO_32_BIT_CONVERSION = YES;
				GCC_WARN_ABOUT_RETURN_TYPE = YES_ERROR;
				GCC_WARN_UNDECLARED_SELECTOR = YES;
				GCC_WARN_UNINITIALIZED_AUTOS = YES_AGGRESSIVE;
				GCC_WARN_UNUSED_FUNCTION = YES;
				GCC_WARN_UNUSED_VARIABLE = YES;
				IPHONEOS_DEPLOYMENT_TARGET = 16.2;
				MTL_ENABLE_DEBUG_INFO = NO;
				MTL_FAST_MATH = YES;
				SDKROOT = iphoneos;
				SWIFT_COMPILATION_MODE = wholemodule;
				SWIFT_OPTIMIZATION_LEVEL = "-O";
				VALIDATE_PRODUCT = YES;
			};
			name = Release;
		};
		36108C872A29C68B00CA6D60 /* Debug */ = {
			isa = XCBuildConfiguration;
			buildSettings = {
				ASSETCATALOG_COMPILER_APPICON_NAME = AppIcon;
				ASSETCATALOG_COMPILER_GLOBAL_ACCENT_COLOR_NAME = AccentColor;
				CODE_SIGN_STYLE = Automatic;
				CURRENT_PROJECT_VERSION = 1;
				DEVELOPMENT_ASSET_PATHS = "\"Fruits/Preview Content\"";
				DEVELOPMENT_TEAM = 56GPYX4M8B;
				ENABLE_PREVIEWS = YES;
				GENERATE_INFOPLIST_FILE = YES;
				INFOPLIST_KEY_UIApplicationSceneManifest_Generation = YES;
				INFOPLIST_KEY_UIApplicationSupportsIndirectInputEvents = YES;
				INFOPLIST_KEY_UILaunchScreen_Generation = YES;
				INFOPLIST_KEY_UISupportedInterfaceOrientations_iPad = "UIInterfaceOrientationPortrait UIInterfaceOrientationPortraitUpsideDown UIInterfaceOrientationLandscapeLeft UIInterfaceOrientationLandscapeRight";
				INFOPLIST_KEY_UISupportedInterfaceOrientations_iPhone = "UIInterfaceOrientationPortrait UIInterfaceOrientationLandscapeLeft UIInterfaceOrientationLandscapeRight";
				LD_RUNPATH_SEARCH_PATHS = (
					"$(inherited)",
					"@executable_path/Frameworks",
				);
				MARKETING_VERSION = 1.0;
				PRODUCT_BUNDLE_IDENTIFIER = com.CanKanbur.Fruits;
				PRODUCT_NAME = "$(TARGET_NAME)";
				SWIFT_EMIT_LOC_STRINGS = YES;
				SWIFT_VERSION = 5.0;
				TARGETED_DEVICE_FAMILY = "1,2";
			};
			name = Debug;
		};
		36108C882A29C68B00CA6D60 /* Release */ = {
			isa = XCBuildConfiguration;
			buildSettings = {
				ASSETCATALOG_COMPILER_APPICON_NAME = AppIcon;
				ASSETCATALOG_COMPILER_GLOBAL_ACCENT_COLOR_NAME = AccentColor;
				CODE_SIGN_STYLE = Automatic;
				CURRENT_PROJECT_VERSION = 1;
				DEVELOPMENT_ASSET_PATHS = "\"Fruits/Preview Content\"";
				DEVELOPMENT_TEAM = 56GPYX4M8B;
				ENABLE_PREVIEWS = YES;
				GENERATE_INFOPLIST_FILE = YES;
				INFOPLIST_KEY_UIApplicationSceneManifest_Generation = YES;
				INFOPLIST_KEY_UIApplicationSupportsIndirectInputEvents = YES;
				INFOPLIST_KEY_UILaunchScreen_Generation = YES;
				INFOPLIST_KEY_UISupportedInterfaceOrientations_iPad = "UIInterfaceOrientationPortrait UIInterfaceOrientationPortraitUpsideDown UIInterfaceOrientationLandscapeLeft UIInterfaceOrientationLandscapeRight";
				INFOPLIST_KEY_UISupportedInterfaceOrientations_iPhone = "UIInterfaceOrientationPortrait UIInterfaceOrientationLandscapeLeft UIInterfaceOrientationLandscapeRight";
				LD_RUNPATH_SEARCH_PATHS = (
					"$(inherited)",
					"@executable_path/Frameworks",
				);
				MARKETING_VERSION = 1.0;
				PRODUCT_BUNDLE_IDENTIFIER = com.CanKanbur.Fruits;
				PRODUCT_NAME = "$(TARGET_NAME)";
				SWIFT_EMIT_LOC_STRINGS = YES;
				SWIFT_VERSION = 5.0;
				TARGETED_DEVICE_FAMILY = "1,2";
			};
			name = Release;
		};
/* End XCBuildConfiguration section */

/* Begin XCConfigurationList section */
		36108C732A29C68A00CA6D60 /* Build configuration list for PBXProject "Fruits" */ = {
			isa = XCConfigurationList;
			buildConfigurations = (
				36108C842A29C68B00CA6D60 /* Debug */,
				36108C852A29C68B00CA6D60 /* Release */,
			);
			defaultConfigurationIsVisible = 0;
			defaultConfigurationName = Release;
		};
		36108C862A29C68B00CA6D60 /* Build configuration list for PBXNativeTarget "Fruits" */ = {
			isa = XCConfigurationList;
			buildConfigurations = (
				36108C872A29C68B00CA6D60 /* Debug */,
				36108C882A29C68B00CA6D60 /* Release */,
			);
			defaultConfigurationIsVisible = 0;
			defaultConfigurationName = Release;
		};
/* End XCConfigurationList section */
	};
	rootObject = 36108C702A29C68A00CA6D60 /* Project object */;
}
